
Microsoft Visual Studio Solution File, Format Version 12.00
# Visual Studio Version 17
VisualStudioVersion = 17.0.31903.59
MinimumVisualStudioVersion = 10.0.40219.1
Project("{9A19103F-16F7-4668-BE54-9A1E7A4F7556}") = "Dominoes", "src\Dominoes.csproj", "{76E68E37-619C-4B1A-BDC2-7DCBC9C26499}"
EndProject
Project("{FAE04EC0-301F-11D3-BF4B-00C04F79EFBC}") = "DominoesTests", "tests\DominoesTests\DominoesTests.csproj", "{532D0A9B-3E3B-4F73-AFFE-116ED9939F37}"
EndProject
Global
	GlobalSection(SolutionConfigurationPlatforms) = preSolution
		Debug|Any CPU = Debug|Any CPU
		Release|Any CPU = Release|Any CPU
	EndGlobalSection
	GlobalSection(ProjectConfigurationPlatforms) = postSolution
		{76E68E37-619C-4B1A-BDC2-7DCBC9C26499}.Debug|Any CPU.ActiveCfg = Debug|Any CPU
		{76E68E37-619C-4B1A-BDC2-7DCBC9C26499}.Debug|Any CPU.Build.0 = Debug|Any CPU
		{76E68E37-619C-4B1A-BDC2-7DCBC9C26499}.Release|Any CPU.ActiveCfg = Release|Any CPU
		{76E68E37-619C-4B1A-BDC2-7DCBC9C26499}.Release|Any CPU.Build.0 = Release|Any CPU
		{532D0A9B-3E3B-4F73-AFFE-116ED9939F37}.Debug|Any CPU.ActiveCfg = Debug|Any CPU
		{532D0A9B-3E3B-4F73-AFFE-116ED9939F37}.Debug|Any CPU.Build.0 = Debug|Any CPU
		{532D0A9B-3E3B-4F73-AFFE-116ED9939F37}.Release|Any CPU.ActiveCfg = Release|Any CPU
		{532D0A9B-3E3B-4F73-AFFE-116ED9939F37}.Release|Any CPU.Build.0 = Release|Any CPU
	EndGlobalSection
	GlobalSection(SolutionProperties) = preSolution
		HideSolutionNode = FALSE
	EndGlobalSection
	GlobalSection(ExtensibilityGlobals) = postSolution
		SolutionGuid = {5A6CE43D-C0B2-4436-975F-E33AAF81CBCD}
	EndGlobalSection
EndGlobal
